
Microsoft Visual Studio Solution File, Format Version 12.00
# Visual Studio Version 17
VisualStudioVersion = 17.5.002.0
MinimumVisualStudioVersion = 10.0.40219.1
Project("{9A19103F-16F7-4668-BE54-9A1E7A4F7556}") = "JUSTGOTUTOR", "JUSTGOTUTOR.csproj", "{B7BD2963-D469-42FD-99F3-DF1CFD207B91}"
EndProject
Global
	GlobalSection(SolutionConfigurationPlatforms) = preSolution
		Debug|Any CPU = Debug|Any CPU
		Release|Any CPU = Release|Any CPU
	EndGlobalSection
	GlobalSection(ProjectConfigurationPlatforms) = postSolution
		{B7BD2963-D469-42FD-99F3-DF1CFD207B91}.Debug|Any CPU.ActiveCfg = Debug|Any CPU
		{B7BD2963-D469-42FD-99F3-DF1CFD207B91}.Debug|Any CPU.Build.0 = Debug|Any CPU
		{B7BD2963-D469-42FD-99F3-DF1CFD207B91}.Release|Any CPU.ActiveCfg = Release|Any CPU
		{B7BD2963-D469-42FD-99F3-DF1CFD207B91}.Release|Any CPU.Build.0 = Release|Any CPU
	EndGlobalSection
	GlobalSection(SolutionProperties) = preSolution
		HideSolutionNode = FALSE
	EndGlobalSection
	GlobalSection(ExtensibilityGlobals) = postSolution
		SolutionGuid = {E6FFEB85-7DAC-42FF-846E-3DE6A51DD1DB}
	EndGlobalSection
EndGlobal
